
Microsoft Visual Studio Solution File, Format Version 12.00
# Visual Studio Version 18
VisualStudioVersion = 18.6.11819.183 stable
MinimumVisualStudioVersion = 10.0.40219.1
Project("{FAE04EC0-301F-11D3-BF4B-00C04F79EFBC}") = "FlightManagementSystem", "FlightManagementSystem.csproj", "{BC50E644-1218-AECF-9EFB-4679F5998DB7}"
EndProject
Global
	GlobalSection(SolutionConfigurationPlatforms) = preSolution
		Debug|Any CPU = Debug|Any CPU
		Release|Any CPU = Release|Any CPU
	EndGlobalSection
	GlobalSection(ProjectConfigurationPlatforms) = postSolution
		{BC50E644-1218-AECF-9EFB-4679F5998DB7}.Debug|Any CPU.ActiveCfg = Debug|Any CPU
		{BC50E644-1218-AECF-9EFB-4679F5998DB7}.Debug|Any CPU.Build.0 = Debug|Any CPU
		{BC50E644-1218-AECF-9EFB-4679F5998DB7}.Release|Any CPU.ActiveCfg = Release|Any CPU
		{BC50E644-1218-AECF-9EFB-4679F5998DB7}.Release|Any CPU.Build.0 = Release|Any CPU
	EndGlobalSection
	GlobalSection(SolutionProperties) = preSolution
		HideSolutionNode = FALSE
	EndGlobalSection
	GlobalSection(ExtensibilityGlobals) = postSolution
		SolutionGuid = {325E6C85-A8B2-48BC-8202-CB96A5B3CD21}
	EndGlobalSection
EndGlobal
